
Microsoft Visual Studio Solution File, Format Version 12.00
# Visual Studio Version 17
VisualStudioVersion = 17.13.35818.85 d17.13
MinimumVisualStudioVersion = 10.0.40219.1
Project("{FAE04EC0-301F-11D3-BF4B-00C04F79EFBC}") = "魔法少女音街ウナ解説書", "魔法少女音街ウナ解説書.csproj", "{AEFD5B5D-E25B-4735-A7E9-49EEC4B99102}"
EndProject
Global
	GlobalSection(SolutionConfigurationPlatforms) = preSolution
		Debug|Any CPU = Debug|Any CPU
		Release|Any CPU = Release|Any CPU
	EndGlobalSection
	GlobalSection(ProjectConfigurationPlatforms) = postSolution
		{AEFD5B5D-E25B-4735-A7E9-49EEC4B99102}.Debug|Any CPU.ActiveCfg = Debug|Any CPU
		{AEFD5B5D-E25B-4735-A7E9-49EEC4B99102}.Debug|Any CPU.Build.0 = Debug|Any CPU
		{AEFD5B5D-E25B-4735-A7E9-49EEC4B99102}.Release|Any CPU.ActiveCfg = Release|Any CPU
		{AEFD5B5D-E25B-4735-A7E9-49EEC4B99102}.Release|Any CPU.Build.0 = Release|Any CPU
	EndGlobalSection
	GlobalSection(SolutionProperties) = preSolution
		HideSolutionNode = FALSE
	EndGlobalSection
	GlobalSection(ExtensibilityGlobals) = postSolution
		SolutionGuid = {B96659B7-1765-4E9B-9142-1461B712C7E3}
	EndGlobalSection
EndGlobal
